
Microsoft Visual Studio Solution File, Format Version 12.00
# Visual Studio Version 16
VisualStudioVersion = 16.0.31613.86
MinimumVisualStudioVersion = 10.0.40219.1
Project("{FAE04EC0-301F-11D3-BF4B-00C04F79EFBC}") = "calculator-practice", "calculator-practice\calculator-practice.csproj", "{BF775C59-1612-4F21-BCA0-3C964D7B2DE9}"
EndProject
Global
	GlobalSection(SolutionConfigurationPlatforms) = preSolution
		Debug|Any CPU = Debug|Any CPU
		Release|Any CPU = Release|Any CPU
	EndGlobalSection
	GlobalSection(ProjectConfigurationPlatforms) = postSolution
		{BF775C59-1612-4F21-BCA0-3C964D7B2DE9}.Debug|Any CPU.ActiveCfg = Debug|Any CPU
		{BF775C59-1612-4F21-BCA0-3C964D7B2DE9}.Debug|Any CPU.Build.0 = Debug|Any CPU
		{BF775C59-1612-4F21-BCA0-3C964D7B2DE9}.Release|Any CPU.ActiveCfg = Release|Any CPU
		{BF775C59-1612-4F21-BCA0-3C964D7B2DE9}.Release|Any CPU.Build.0 = Release|Any CPU
	EndGlobalSection
	GlobalSection(SolutionProperties) = preSolution
		HideSolutionNode = FALSE
	EndGlobalSection
	GlobalSection(ExtensibilityGlobals) = postSolution
		SolutionGuid = {3210F5CE-A06E-43AC-8648-E4F592B29DAC}
	EndGlobalSection
EndGlobal
