
Microsoft Visual Studio Solution File, Format Version 12.00
# Visual Studio Version 16
VisualStudioVersion = 16.0.31613.86
MinimumVisualStudioVersion = 10.0.40219.1
Project("{FAE04EC0-301F-11D3-BF4B-00C04F79EFBC}") = "factorials", "factorials\factorials.csproj", "{E888D5B3-8057-43FB-AAF2-CDE2DFA04C60}"
EndProject
Global
	GlobalSection(SolutionConfigurationPlatforms) = preSolution
		Debug|Any CPU = Debug|Any CPU
		Release|Any CPU = Release|Any CPU
	EndGlobalSection
	GlobalSection(ProjectConfigurationPlatforms) = postSolution
		{E888D5B3-8057-43FB-AAF2-CDE2DFA04C60}.Debug|Any CPU.ActiveCfg = Debug|Any CPU
		{E888D5B3-8057-43FB-AAF2-CDE2DFA04C60}.Debug|Any CPU.Build.0 = Debug|Any CPU
		{E888D5B3-8057-43FB-AAF2-CDE2DFA04C60}.Release|Any CPU.ActiveCfg = Release|Any CPU
		{E888D5B3-8057-43FB-AAF2-CDE2DFA04C60}.Release|Any CPU.Build.0 = Release|Any CPU
	EndGlobalSection
	GlobalSection(SolutionProperties) = preSolution
		HideSolutionNode = FALSE
	EndGlobalSection
	GlobalSection(ExtensibilityGlobals) = postSolution
		SolutionGuid = {C6EE6546-8318-4E3B-8C3C-EC25A3466463}
	EndGlobalSection
EndGlobal
